
Microsoft Visual Studio Solution File, Format Version 12.00
# Visual Studio Version 17
VisualStudioVersion = 17.2.32602.215
MinimumVisualStudioVersion = 10.0.40219.1
Project("{FAE04EC0-301F-11D3-BF4B-00C04F79EFBC}") = "Tuples", "Tuples\Tuples.csproj", "{A431EB1A-F56C-4E46-9459-0100EF12079B}"
EndProject
Global
	GlobalSection(SolutionConfigurationPlatforms) = preSolution
		Debug|Any CPU = Debug|Any CPU
		Release|Any CPU = Release|Any CPU
	EndGlobalSection
	GlobalSection(ProjectConfigurationPlatforms) = postSolution
		{A431EB1A-F56C-4E46-9459-0100EF12079B}.Debug|Any CPU.ActiveCfg = Debug|Any CPU
		{A431EB1A-F56C-4E46-9459-0100EF12079B}.Debug|Any CPU.Build.0 = Debug|Any CPU
		{A431EB1A-F56C-4E46-9459-0100EF12079B}.Release|Any CPU.ActiveCfg = Release|Any CPU
		{A431EB1A-F56C-4E46-9459-0100EF12079B}.Release|Any CPU.Build.0 = Release|Any CPU
	EndGlobalSection
	GlobalSection(SolutionProperties) = preSolution
		HideSolutionNode = FALSE
	EndGlobalSection
	GlobalSection(ExtensibilityGlobals) = postSolution
		SolutionGuid = {03196A25-FDAD-4E26-8CAC-6E3C34B10B33}
	EndGlobalSection
EndGlobal
