
Microsoft Visual Studio Solution File, Format Version 12.00
# Visual Studio Version 17
VisualStudioVersion = 17.2.32602.215
MinimumVisualStudioVersion = 10.0.40219.1
Project("{FAE04EC0-301F-11D3-BF4B-00C04F79EFBC}") = "viewBagSample", "viewBagSample\viewBagSample.csproj", "{B9E7F4F0-3360-4A87-BEE9-054AA3DE0693}"
EndProject
Global
	GlobalSection(SolutionConfigurationPlatforms) = preSolution
		Debug|Any CPU = Debug|Any CPU
		Release|Any CPU = Release|Any CPU
	EndGlobalSection
	GlobalSection(ProjectConfigurationPlatforms) = postSolution
		{B9E7F4F0-3360-4A87-BEE9-054AA3DE0693}.Debug|Any CPU.ActiveCfg = Debug|Any CPU
		{B9E7F4F0-3360-4A87-BEE9-054AA3DE0693}.Debug|Any CPU.Build.0 = Debug|Any CPU
		{B9E7F4F0-3360-4A87-BEE9-054AA3DE0693}.Release|Any CPU.ActiveCfg = Release|Any CPU
		{B9E7F4F0-3360-4A87-BEE9-054AA3DE0693}.Release|Any CPU.Build.0 = Release|Any CPU
	EndGlobalSection
	GlobalSection(SolutionProperties) = preSolution
		HideSolutionNode = FALSE
	EndGlobalSection
	GlobalSection(ExtensibilityGlobals) = postSolution
		SolutionGuid = {6C383069-6445-4AB3-9CA7-B60EC59862AE}
	EndGlobalSection
EndGlobal
