
Microsoft Visual Studio Solution File, Format Version 12.00
# Visual Studio Version 17
VisualStudioVersion = 17.2.32602.215
MinimumVisualStudioVersion = 10.0.40219.1
Project("{FAE04EC0-301F-11D3-BF4B-00C04F79EFBC}") = "swaggerSample", "swaggerSample\swaggerSample.csproj", "{BB6D51D0-9947-4E48-B54C-63D01D03D893}"
EndProject
Global
	GlobalSection(SolutionConfigurationPlatforms) = preSolution
		Debug|Any CPU = Debug|Any CPU
		Release|Any CPU = Release|Any CPU
	EndGlobalSection
	GlobalSection(ProjectConfigurationPlatforms) = postSolution
		{BB6D51D0-9947-4E48-B54C-63D01D03D893}.Debug|Any CPU.ActiveCfg = Debug|Any CPU
		{BB6D51D0-9947-4E48-B54C-63D01D03D893}.Debug|Any CPU.Build.0 = Debug|Any CPU
		{BB6D51D0-9947-4E48-B54C-63D01D03D893}.Release|Any CPU.ActiveCfg = Release|Any CPU
		{BB6D51D0-9947-4E48-B54C-63D01D03D893}.Release|Any CPU.Build.0 = Release|Any CPU
	EndGlobalSection
	GlobalSection(SolutionProperties) = preSolution
		HideSolutionNode = FALSE
	EndGlobalSection
	GlobalSection(ExtensibilityGlobals) = postSolution
		SolutionGuid = {F48D0478-D447-4689-8598-02C24F3B55CE}
	EndGlobalSection
EndGlobal
