
Microsoft Visual Studio Solution File, Format Version 12.00
# Visual Studio Version 17
VisualStudioVersion = 17.2.32602.215
MinimumVisualStudioVersion = 10.0.40219.1
Project("{FAE04EC0-301F-11D3-BF4B-00C04F79EFBC}") = "Display.Main", "Display.Main\Display.Main.csproj", "{DE356743-F9BA-46FF-A561-A0F34BC551D2}"
EndProject
Project("{FAE04EC0-301F-11D3-BF4B-00C04F79EFBC}") = "Display.SDK", "Display.SDK\Display.SDK.csproj", "{DDDBDE30-A751-4971-8366-9309178747E5}"
EndProject
Global
	GlobalSection(SolutionConfigurationPlatforms) = preSolution
		Debug|Any CPU = Debug|Any CPU
		Release|Any CPU = Release|Any CPU
	EndGlobalSection
	GlobalSection(ProjectConfigurationPlatforms) = postSolution
		{DE356743-F9BA-46FF-A561-A0F34BC551D2}.Debug|Any CPU.ActiveCfg = Debug|Any CPU
		{DE356743-F9BA-46FF-A561-A0F34BC551D2}.Debug|Any CPU.Build.0 = Debug|Any CPU
		{DE356743-F9BA-46FF-A561-A0F34BC551D2}.Release|Any CPU.ActiveCfg = Release|Any CPU
		{DE356743-F9BA-46FF-A561-A0F34BC551D2}.Release|Any CPU.Build.0 = Release|Any CPU
		{DDDBDE30-A751-4971-8366-9309178747E5}.Debug|Any CPU.ActiveCfg = Debug|Any CPU
		{DDDBDE30-A751-4971-8366-9309178747E5}.Debug|Any CPU.Build.0 = Debug|Any CPU
		{DDDBDE30-A751-4971-8366-9309178747E5}.Release|Any CPU.ActiveCfg = Release|Any CPU
		{DDDBDE30-A751-4971-8366-9309178747E5}.Release|Any CPU.Build.0 = Release|Any CPU
	EndGlobalSection
	GlobalSection(SolutionProperties) = preSolution
		HideSolutionNode = FALSE
	EndGlobalSection
	GlobalSection(ExtensibilityGlobals) = postSolution
		SolutionGuid = {B2C7933A-7F72-45E2-95F8-7236C1CE1A08}
	EndGlobalSection
EndGlobal
