
Microsoft Visual Studio Solution File, Format Version 12.00
# Visual Studio Version 17
VisualStudioVersion = 17.2.32602.215
MinimumVisualStudioVersion = 10.0.40219.1
Project("{FAE04EC0-301F-11D3-BF4B-00C04F79EFBC}") = "SingleResponsibility", "SingleResponsibility\SingleResponsibility.csproj", "{E1EC0185-CC7A-4DE7-9B67-5C080434FFB1}"
EndProject
Project("{FAE04EC0-301F-11D3-BF4B-00C04F79EFBC}") = "OpenClosed", "OpenClosed\OpenClosed.csproj", "{1E1BF67A-60C8-40CA-BBD8-43BB033F7E64}"
EndProject
Project("{FAE04EC0-301F-11D3-BF4B-00C04F79EFBC}") = "LiskovSubstition", "LiskovSubstition\LiskovSubstition.csproj", "{A7E85883-B003-446A-8FAF-96F4DC2EEE7A}"
EndProject
Project("{FAE04EC0-301F-11D3-BF4B-00C04F79EFBC}") = "InterfaceSegregation", "InterfaceSegregation\InterfaceSegregation.csproj", "{DA8FA83A-C8F4-4BAF-8442-626F2A5D26FB}"
EndProject
Project("{FAE04EC0-301F-11D3-BF4B-00C04F79EFBC}") = "DependencyInversion", "DependencyInversion\DependencyInversion.csproj", "{2E54F7A5-02A6-4EE5-9740-00A5881C44F7}"
EndProject
Global
	GlobalSection(SolutionConfigurationPlatforms) = preSolution
		Debug|Any CPU = Debug|Any CPU
		Release|Any CPU = Release|Any CPU
	EndGlobalSection
	GlobalSection(ProjectConfigurationPlatforms) = postSolution
		{E1EC0185-CC7A-4DE7-9B67-5C080434FFB1}.Debug|Any CPU.ActiveCfg = Debug|Any CPU
		{E1EC0185-CC7A-4DE7-9B67-5C080434FFB1}.Debug|Any CPU.Build.0 = Debug|Any CPU
		{E1EC0185-CC7A-4DE7-9B67-5C080434FFB1}.Release|Any CPU.ActiveCfg = Release|Any CPU
		{E1EC0185-CC7A-4DE7-9B67-5C080434FFB1}.Release|Any CPU.Build.0 = Release|Any CPU
		{1E1BF67A-60C8-40CA-BBD8-43BB033F7E64}.Debug|Any CPU.ActiveCfg = Debug|Any CPU
		{1E1BF67A-60C8-40CA-BBD8-43BB033F7E64}.Debug|Any CPU.Build.0 = Debug|Any CPU
		{1E1BF67A-60C8-40CA-BBD8-43BB033F7E64}.Release|Any CPU.ActiveCfg = Release|Any CPU
		{1E1BF67A-60C8-40CA-BBD8-43BB033F7E64}.Release|Any CPU.Build.0 = Release|Any CPU
		{A7E85883-B003-446A-8FAF-96F4DC2EEE7A}.Debug|Any CPU.ActiveCfg = Debug|Any CPU
		{A7E85883-B003-446A-8FAF-96F4DC2EEE7A}.Debug|Any CPU.Build.0 = Debug|Any CPU
		{A7E85883-B003-446A-8FAF-96F4DC2EEE7A}.Release|Any CPU.ActiveCfg = Release|Any CPU
		{A7E85883-B003-446A-8FAF-96F4DC2EEE7A}.Release|Any CPU.Build.0 = Release|Any CPU
		{DA8FA83A-C8F4-4BAF-8442-626F2A5D26FB}.Debug|Any CPU.ActiveCfg = Debug|Any CPU
		{DA8FA83A-C8F4-4BAF-8442-626F2A5D26FB}.Debug|Any CPU.Build.0 = Debug|Any CPU
		{DA8FA83A-C8F4-4BAF-8442-626F2A5D26FB}.Release|Any CPU.ActiveCfg = Release|Any CPU
		{DA8FA83A-C8F4-4BAF-8442-626F2A5D26FB}.Release|Any CPU.Build.0 = Release|Any CPU
		{2E54F7A5-02A6-4EE5-9740-00A5881C44F7}.Debug|Any CPU.ActiveCfg = Debug|Any CPU
		{2E54F7A5-02A6-4EE5-9740-00A5881C44F7}.Debug|Any CPU.Build.0 = Debug|Any CPU
		{2E54F7A5-02A6-4EE5-9740-00A5881C44F7}.Release|Any CPU.ActiveCfg = Release|Any CPU
		{2E54F7A5-02A6-4EE5-9740-00A5881C44F7}.Release|Any CPU.Build.0 = Release|Any CPU
	EndGlobalSection
	GlobalSection(SolutionProperties) = preSolution
		HideSolutionNode = FALSE
	EndGlobalSection
	GlobalSection(ExtensibilityGlobals) = postSolution
		SolutionGuid = {4DA80867-38C0-4EA3-A1A9-360C8590351A}
	EndGlobalSection
EndGlobal
