
Microsoft Visual Studio Solution File, Format Version 12.00
# Visual Studio Version 17
VisualStudioVersion = 17.2.32602.215
MinimumVisualStudioVersion = 10.0.40219.1
Project("{FAE04EC0-301F-11D3-BF4B-00C04F79EFBC}") = "introduceReflection", "introduceReflection\introduceReflection.csproj", "{DCF7D735-FCDB-4A1A-B93E-53D6F79E5284}"
EndProject
Global
	GlobalSection(SolutionConfigurationPlatforms) = preSolution
		Debug|Any CPU = Debug|Any CPU
		Release|Any CPU = Release|Any CPU
	EndGlobalSection
	GlobalSection(ProjectConfigurationPlatforms) = postSolution
		{DCF7D735-FCDB-4A1A-B93E-53D6F79E5284}.Debug|Any CPU.ActiveCfg = Debug|Any CPU
		{DCF7D735-FCDB-4A1A-B93E-53D6F79E5284}.Debug|Any CPU.Build.0 = Debug|Any CPU
		{DCF7D735-FCDB-4A1A-B93E-53D6F79E5284}.Release|Any CPU.ActiveCfg = Release|Any CPU
		{DCF7D735-FCDB-4A1A-B93E-53D6F79E5284}.Release|Any CPU.Build.0 = Release|Any CPU
	EndGlobalSection
	GlobalSection(SolutionProperties) = preSolution
		HideSolutionNode = FALSE
	EndGlobalSection
	GlobalSection(ExtensibilityGlobals) = postSolution
		SolutionGuid = {20A94E42-65FD-4403-BF07-2243D1203D0B}
	EndGlobalSection
EndGlobal
