
Microsoft Visual Studio Solution File, Format Version 12.00
# Visual Studio Version 17
VisualStudioVersion = 17.2.32602.215
MinimumVisualStudioVersion = 10.0.40219.1
Project("{FAE04EC0-301F-11D3-BF4B-00C04F79EFBC}") = "Project.Core", "Project.Core\Project.Core.csproj", "{69860A33-A430-479C-91DB-4CA20CCE3C81}"
EndProject
Project("{FAE04EC0-301F-11D3-BF4B-00C04F79EFBC}") = "Project.Entities", "Project.Entities\Project.Entities.csproj", "{6C421828-F467-4B90-A2A4-90A78AA4CE8A}"
EndProject
Project("{FAE04EC0-301F-11D3-BF4B-00C04F79EFBC}") = "Project.Console", "Project.Console\Project.Console.csproj", "{807E2A03-C1B8-4BCE-BBD3-ADA43E862636}"
EndProject
Global
	GlobalSection(SolutionConfigurationPlatforms) = preSolution
		Debug|Any CPU = Debug|Any CPU
		Release|Any CPU = Release|Any CPU
	EndGlobalSection
	GlobalSection(ProjectConfigurationPlatforms) = postSolution
		{69860A33-A430-479C-91DB-4CA20CCE3C81}.Debug|Any CPU.ActiveCfg = Debug|Any CPU
		{69860A33-A430-479C-91DB-4CA20CCE3C81}.Debug|Any CPU.Build.0 = Debug|Any CPU
		{69860A33-A430-479C-91DB-4CA20CCE3C81}.Release|Any CPU.ActiveCfg = Release|Any CPU
		{69860A33-A430-479C-91DB-4CA20CCE3C81}.Release|Any CPU.Build.0 = Release|Any CPU
		{6C421828-F467-4B90-A2A4-90A78AA4CE8A}.Debug|Any CPU.ActiveCfg = Debug|Any CPU
		{6C421828-F467-4B90-A2A4-90A78AA4CE8A}.Debug|Any CPU.Build.0 = Debug|Any CPU
		{6C421828-F467-4B90-A2A4-90A78AA4CE8A}.Release|Any CPU.ActiveCfg = Release|Any CPU
		{6C421828-F467-4B90-A2A4-90A78AA4CE8A}.Release|Any CPU.Build.0 = Release|Any CPU
		{807E2A03-C1B8-4BCE-BBD3-ADA43E862636}.Debug|Any CPU.ActiveCfg = Debug|Any CPU
		{807E2A03-C1B8-4BCE-BBD3-ADA43E862636}.Debug|Any CPU.Build.0 = Debug|Any CPU
		{807E2A03-C1B8-4BCE-BBD3-ADA43E862636}.Release|Any CPU.ActiveCfg = Release|Any CPU
		{807E2A03-C1B8-4BCE-BBD3-ADA43E862636}.Release|Any CPU.Build.0 = Release|Any CPU
	EndGlobalSection
	GlobalSection(SolutionProperties) = preSolution
		HideSolutionNode = FALSE
	EndGlobalSection
	GlobalSection(ExtensibilityGlobals) = postSolution
		SolutionGuid = {3A153994-7D3C-44AA-B01A-426BDF8F6840}
	EndGlobalSection
EndGlobal
